{
  "name": "SpectraSimulations_git",
  "lockfileVersion": 3,
  "requires": true,
  "packages": {
    "": {
      "dependencies": {
        "@formatjs/intl-localematcher": "^0.4.2"
      }
    },
    "node_modules/@formatjs/intl-localematcher": {
      "version": "0.4.2",
      "resolved": "https://registry.npmjs.org/@formatjs/intl-localematcher/-/intl-localematcher-0.4.2.tgz",
      "integrity": "sha512-BGdtJFmaNJy5An/Zan4OId/yR9Ih1OojFjcduX/xOvq798OgWSyDtd6Qd5jqJXwJs1ipe4Fxu9+cshic5Ox2tA==",
      "dependencies": {
        "tslib": "^2.4.0"
      }
    },
    "node_modules/tslib": {
      "version": "2.6.2",
      "resolved": "https://registry.npmjs.org/tslib/-/tslib-2.6.2.tgz",
      "integrity": "sha512-AEYxH93jGFPn/a2iVAwW87VuUIkR1FVUKB77NwMF7nBTDkDrrT/Hpt/IrCJ0QXhW27jTBDcf5ZY7w6RiqTMw2Q=="
    }
  }
}
